
Microsoft Visual Studio Solution File, Format Version 12.00
# Visual Studio Version 17
VisualStudioVersion = 17.10.35122.118
MinimumVisualStudioVersion = 10.0.40219.1
Project("{9A19103F-16F7-4668-BE54-9A1E7A4F7556}") = "EntityFrameWorkTest", "EntityFrameWorkTest\EntityFrameWorkTest.csproj", "{3249EBB8-34B6-4EFF-BE57-9AE166358FED}"
EndProject
Project("{FAE04EC0-301F-11D3-BF4B-00C04F79EFBC}") = "EntityFrameworkExistingTest", "EntityFrameworkExistingTest\EntityFrameworkExistingTest.csproj", "{3F3082BB-6F5B-45FD-A096-8F665225EBCD}"
EndProject
Global
	GlobalSection(SolutionConfigurationPlatforms) = preSolution
		Debug|Any CPU = Debug|Any CPU
		Release|Any CPU = Release|Any CPU
	EndGlobalSection
	GlobalSection(ProjectConfigurationPlatforms) = postSolution
		{3249EBB8-34B6-4EFF-BE57-9AE166358FED}.Debug|Any CPU.ActiveCfg = Debug|Any CPU
		{3249EBB8-34B6-4EFF-BE57-9AE166358FED}.Debug|Any CPU.Build.0 = Debug|Any CPU
		{3249EBB8-34B6-4EFF-BE57-9AE166358FED}.Release|Any CPU.ActiveCfg = Release|Any CPU
		{3249EBB8-34B6-4EFF-BE57-9AE166358FED}.Release|Any CPU.Build.0 = Release|Any CPU
		{3F3082BB-6F5B-45FD-A096-8F665225EBCD}.Debug|Any CPU.ActiveCfg = Debug|Any CPU
		{3F3082BB-6F5B-45FD-A096-8F665225EBCD}.Debug|Any CPU.Build.0 = Debug|Any CPU
		{3F3082BB-6F5B-45FD-A096-8F665225EBCD}.Release|Any CPU.ActiveCfg = Release|Any CPU
		{3F3082BB-6F5B-45FD-A096-8F665225EBCD}.Release|Any CPU.Build.0 = Release|Any CPU
	EndGlobalSection
	GlobalSection(SolutionProperties) = preSolution
		HideSolutionNode = FALSE
	EndGlobalSection
	GlobalSection(ExtensibilityGlobals) = postSolution
		SolutionGuid = {B2DC40C3-C3AE-4909-90E5-9BCC225D00E2}
	EndGlobalSection
EndGlobal
